// !$*UTF8*$!
{
	archiveVersion = 1;
	classes = {
	};
	objectVersion = 56;
	objects = {

/* Begin PBXBuildFile section */
		DA534FE92AED61C0009F7CB8 /* UserService.swift in Sources */ = {isa = PBXBuildFile; fileRef = DA534FE82AED61C0009F7CB8 /* UserService.swift */; };
		DABC83E72AECFFE50048533F /* AppDelegate.swift in Sources */ = {isa = PBXBuildFile; fileRef = DABC83E62AECFFE50048533F /* AppDelegate.swift */; };
		DABC83E92AECFFE50048533F /* SceneDelegate.swift in Sources */ = {isa = PBXBuildFile; fileRef = DABC83E82AECFFE50048533F /* SceneDelegate.swift */; };
		DABC83EB2AECFFE50048533F /* HomepageVC.swift in Sources */ = {isa = PBXBuildFile; fileRef = DABC83EA2AECFFE50048533F /* HomepageVC.swift */; };
		DABC83F02AECFFE60048533F /* Assets.xcassets in Resources */ = {isa = PBXBuildFile; fileRef = DABC83EF2AECFFE60048533F /* Assets.xcassets */; };
		DABC83F32AECFFE60048533F /* LaunchScreen.storyboard in Resources */ = {isa = PBXBuildFile; fileRef = DABC83F12AECFFE60048533F /* LaunchScreen.storyboard */; };
		DABC83FE2AECFFE60048533F /* ProtocolOrientedProjectTests.swift in Sources */ = {isa = PBXBuildFile; fileRef = DABC83FD2AECFFE60048533F /* ProtocolOrientedProjectTests.swift */; };
		DABC84082AECFFE60048533F /* ProtocolOrientedProjectUITests.swift in Sources */ = {isa = PBXBuildFile; fileRef = DABC84072AECFFE60048533F /* ProtocolOrientedProjectUITests.swift */; };
		DABC840A2AECFFE60048533F /* ProtocolOrientedProjectUITestsLaunchTests.swift in Sources */ = {isa = PBXBuildFile; fileRef = DABC84092AECFFE60048533F /* ProtocolOrientedProjectUITestsLaunchTests.swift */; };
		DABC84172AED036B0048533F /* User.swift in Sources */ = {isa = PBXBuildFile; fileRef = DABC84162AED036B0048533F /* User.swift */; };
		DABC841D2AED039A0048533F /* UserServiceImplementation.swift in Sources */ = {isa = PBXBuildFile; fileRef = DABC841C2AED039A0048533F /* UserServiceImplementation.swift */; };
		DABC841F2AED194D0048533F /* UserViewModel.swift in Sources */ = {isa = PBXBuildFile; fileRef = DABC841E2AED194D0048533F /* UserViewModel.swift */; };
		DABC84212AED1BF90048533F /* UserViewModelOutput.swift in Sources */ = {isa = PBXBuildFile; fileRef = DABC84202AED1BF90048533F /* UserViewModelOutput.swift */; };
/* End PBXBuildFile section */

/* Begin PBXContainerItemProxy section */
		DABC83FA2AECFFE60048533F /* PBXContainerItemProxy */ = {
			isa = PBXContainerItemProxy;
			containerPortal = DABC83DB2AECFFE50048533F /* Project object */;
			proxyType = 1;
			remoteGlobalIDString = DABC83E22AECFFE50048533F;
			remoteInfo = ProtocolOrientedProject;
		};
		DABC84042AECFFE60048533F /* PBXContainerItemProxy */ = {
			isa = PBXContainerItemProxy;
			containerPortal = DABC83DB2AECFFE50048533F /* Project object */;
			proxyType = 1;
			remoteGlobalIDString = DABC83E22AECFFE50048533F;
			remoteInfo = ProtocolOrientedProject;
		};
/* End PBXContainerItemProxy section */

/* Begin PBXFileReference section */
		DA534FE82AED61C0009F7CB8 /* UserService.swift */ = {isa = PBXFileReference; lastKnownFileType = sourcecode.swift; path = UserService.swift; sourceTree = "<group>"; };
		DABC83E32AECFFE50048533F /* ProtocolOrientedProject.app */ = {isa = PBXFileReference; explicitFileType = wrapper.application; includeInIndex = 0; path = ProtocolOrientedProject.app; sourceTree = BUILT_PRODUCTS_DIR; };
		DABC83E62AECFFE50048533F /* AppDelegate.swift */ = {isa = PBXFileReference; lastKnownFileType = sourcecode.swift; path = AppDelegate.swift; sourceTree = "<group>"; };
		DABC83E82AECFFE50048533F /* SceneDelegate.swift */ = {isa = PBXFileReference; lastKnownFileType = sourcecode.swift; path = SceneDelegate.swift; sourceTree = "<group>"; };
		DABC83EA2AECFFE50048533F /* HomepageVC.swift */ = {isa = PBXFileReference; lastKnownFileType = sourcecode.swift; path = HomepageVC.swift; sourceTree = "<group>"; };
		DABC83EF2AECFFE60048533F /* Assets.xcassets */ = {isa = PBXFileReference; lastKnownFileType = folder.assetcatalog; path = Assets.xcassets; sourceTree = "<group>"; };
		DABC83F22AECFFE60048533F /* Base */ = {isa = PBXFileReference; lastKnownFileType = file.storyboard; name = Base; path = Base.lproj/LaunchScreen.storyboard; sourceTree = "<group>"; };
		DABC83F42AECFFE60048533F /* Info.plist */ = {isa = PBXFileReference; lastKnownFileType = text.plist.xml; path = Info.plist; sourceTree = "<group>"; };
		DABC83F92AECFFE60048533F /* ProtocolOrientedProjectTests.xctest */ = {isa = PBXFileReference; explicitFileType = wrapper.cfbundle; includeInIndex = 0; path = ProtocolOrientedProjectTests.xctest; sourceTree = BUILT_PRODUCTS_DIR; };
		DABC83FD2AECFFE60048533F /* ProtocolOrientedProjectTests.swift */ = {isa = PBXFileReference; lastKnownFileType = sourcecode.swift; path = ProtocolOrientedProjectTests.swift; sourceTree = "<group>"; };
		DABC84032AECFFE60048533F /* ProtocolOrientedProjectUITests.xctest */ = {isa = PBXFileReference; explicitFileType = wrapper.cfbundle; includeInIndex = 0; path = ProtocolOrientedProjectUITests.xctest; sourceTree = BUILT_PRODUCTS_DIR; };
		DABC84072AECFFE60048533F /* ProtocolOrientedProjectUITests.swift */ = {isa = PBXFileReference; lastKnownFileType = sourcecode.swift; path = ProtocolOrientedProjectUITests.swift; sourceTree = "<group>"; };
		DABC84092AECFFE60048533F /* ProtocolOrientedProjectUITestsLaunchTests.swift */ = {isa = PBXFileReference; lastKnownFileType = sourcecode.swift; path = ProtocolOrientedProjectUITestsLaunchTests.swift; sourceTree = "<group>"; };
		DABC84162AED036B0048533F /* User.swift */ = {isa = PBXFileReference; lastKnownFileType = sourcecode.swift; path = User.swift; sourceTree = "<group>"; };
		DABC841C2AED039A0048533F /* UserServiceImplementation.swift */ = {isa = PBXFileReference; lastKnownFileType = sourcecode.swift; path = UserServiceImplementation.swift; sourceTree = "<group>"; };
		DABC841E2AED194D0048533F /* UserViewModel.swift */ = {isa = PBXFileReference; lastKnownFileType = sourcecode.swift; path = UserViewModel.swift; sourceTree = "<group>"; };
		DABC84202AED1BF90048533F /* UserViewModelOutput.swift */ = {isa = PBXFileReference; lastKnownFileType = sourcecode.swift; path = UserViewModelOutput.swift; sourceTree = "<group>"; };
/* End PBXFileReference section */

/* Begin PBXFrameworksBuildPhase section */
		DABC83E02AECFFE50048533F /* Frameworks */ = {
			isa = PBXFrameworksBuildPhase;
			buildActionMask = 2147483647;
			files = (
			);
			runOnlyForDeploymentPostprocessing = 0;
		};
		DABC83F62AECFFE60048533F /* Frameworks */ = {
			isa = PBXFrameworksBuildPhase;
			buildActionMask = 2147483647;
			files = (
			);
			runOnlyForDeploymentPostprocessing = 0;
		};
		DABC84002AECFFE60048533F /* Frameworks */ = {
			isa = PBXFrameworksBuildPhase;
			buildActionMask = 2147483647;
			files = (
			);
			runOnlyForDeploymentPostprocessing = 0;
		};
/* End PBXFrameworksBuildPhase section */

/* Begin PBXGroup section */
		DABC83DA2AECFFE50048533F = {
			isa = PBXGroup;
			children = (
				DABC83E52AECFFE50048533F /* ProtocolOrientedProject */,
				DABC83FC2AECFFE60048533F /* ProtocolOrientedProjectTests */,
				DABC84062AECFFE60048533F /* ProtocolOrientedProjectUITests */,
				DABC83E42AECFFE50048533F /* Products */,
			);
			sourceTree = "<group>";
		};
		DABC83E42AECFFE50048533F /* Products */ = {
			isa = PBXGroup;
			children = (
				DABC83E32AECFFE50048533F /* ProtocolOrientedProject.app */,
				DABC83F92AECFFE60048533F /* ProtocolOrientedProjectTests.xctest */,
				DABC84032AECFFE60048533F /* ProtocolOrientedProjectUITests.xctest */,
			);
			name = Products;
			sourceTree = "<group>";
		};
		DABC83E52AECFFE50048533F /* ProtocolOrientedProject */ = {
			isa = PBXGroup;
			children = (
				DABC841B2AED03890048533F /* View */,
				DABC841A2AED03840048533F /* ViewModel */,
				DABC84192AED037F0048533F /* Service */,
				DABC84182AED037A0048533F /* Model */,
				DABC83E62AECFFE50048533F /* AppDelegate.swift */,
				DABC83E82AECFFE50048533F /* SceneDelegate.swift */,
				DABC83EF2AECFFE60048533F /* Assets.xcassets */,
				DABC83F12AECFFE60048533F /* LaunchScreen.storyboard */,
				DABC83F42AECFFE60048533F /* Info.plist */,
			);
			path = ProtocolOrientedProject;
			sourceTree = "<group>";
		};
		DABC83FC2AECFFE60048533F /* ProtocolOrientedProjectTests */ = {
			isa = PBXGroup;
			children = (
				DABC83FD2AECFFE60048533F /* ProtocolOrientedProjectTests.swift */,
			);
			path = ProtocolOrientedProjectTests;
			sourceTree = "<group>";
		};
		DABC84062AECFFE60048533F /* ProtocolOrientedProjectUITests */ = {
			isa = PBXGroup;
			children = (
				DABC84072AECFFE60048533F /* ProtocolOrientedProjectUITests.swift */,
				DABC84092AECFFE60048533F /* ProtocolOrientedProjectUITestsLaunchTests.swift */,
			);
			path = ProtocolOrientedProjectUITests;
			sourceTree = "<group>";
		};
		DABC84182AED037A0048533F /* Model */ = {
			isa = PBXGroup;
			children = (
				DABC84162AED036B0048533F /* User.swift */,
			);
			path = Model;
			sourceTree = "<group>";
		};
		DABC84192AED037F0048533F /* Service */ = {
			isa = PBXGroup;
			children = (
				DABC841C2AED039A0048533F /* UserServiceImplementation.swift */,
				DA534FE82AED61C0009F7CB8 /* UserService.swift */,
			);
			path = Service;
			sourceTree = "<group>";
		};
		DABC841A2AED03840048533F /* ViewModel */ = {
			isa = PBXGroup;
			children = (
				DABC841E2AED194D0048533F /* UserViewModel.swift */,
				DABC84202AED1BF90048533F /* UserViewModelOutput.swift */,
			);
			path = ViewModel;
			sourceTree = "<group>";
		};
		DABC841B2AED03890048533F /* View */ = {
			isa = PBXGroup;
			children = (
				DABC83EA2AECFFE50048533F /* HomepageVC.swift */,
			);
			path = View;
			sourceTree = "<group>";
		};
/* End PBXGroup section */

/* Begin PBXNativeTarget section */
		DABC83E22AECFFE50048533F /* ProtocolOrientedProject */ = {
			isa = PBXNativeTarget;
			buildConfigurationList = DABC840D2AECFFE60048533F /* Build configuration list for PBXNativeTarget "ProtocolOrientedProject" */;
			buildPhases = (
				DABC83DF2AECFFE50048533F /* Sources */,
				DABC83E02AECFFE50048533F /* Frameworks */,
				DABC83E12AECFFE50048533F /* Resources */,
			);
			buildRules = (
			);
			dependencies = (
			);
			name = ProtocolOrientedProject;
			productName = ProtocolOrientedProject;
			productReference = DABC83E32AECFFE50048533F /* ProtocolOrientedProject.app */;
			productType = "com.apple.product-type.application";
		};
		DABC83F82AECFFE60048533F /* ProtocolOrientedProjectTests */ = {
			isa = PBXNativeTarget;
			buildConfigurationList = DABC84102AECFFE60048533F /* Build configuration list for PBXNativeTarget "ProtocolOrientedProjectTests" */;
			buildPhases = (
				DABC83F52AECFFE60048533F /* Sources */,
				DABC83F62AECFFE60048533F /* Frameworks */,
				DABC83F72AECFFE60048533F /* Resources */,
			);
			buildRules = (
			);
			dependencies = (
				DABC83FB2AECFFE60048533F /* PBXTargetDependency */,
			);
			name = ProtocolOrientedProjectTests;
			productName = ProtocolOrientedProjectTests;
			productReference = DABC83F92AECFFE60048533F /* ProtocolOrientedProjectTests.xctest */;
			productType = "com.apple.product-type.bundle.unit-test";
		};
		DABC84022AECFFE60048533F /* ProtocolOrientedProjectUITests */ = {
			isa = PBXNativeTarget;
			buildConfigurationList = DABC84132AECFFE60048533F /* Build configuration list for PBXNativeTarget "ProtocolOrientedProjectUITests" */;
			buildPhases = (
				DABC83FF2AECFFE60048533F /* Sources */,
				DABC84002AECFFE60048533F /* Frameworks */,
				DABC84012AECFFE60048533F /* Resources */,
			);
			buildRules = (
			);
			dependencies = (
				DABC84052AECFFE60048533F /* PBXTargetDependency */,
			);
			name = ProtocolOrientedProjectUITests;
			productName = ProtocolOrientedProjectUITests;
			productReference = DABC84032AECFFE60048533F /* ProtocolOrientedProjectUITests.xctest */;
			productType = "com.apple.product-type.bundle.ui-testing";
		};
/* End PBXNativeTarget section */

/* Begin PBXProject section */
		DABC83DB2AECFFE50048533F /* Project object */ = {
			isa = PBXProject;
			attributes = {
				BuildIndependentTargetsInParallel = 1;
				LastSwiftUpdateCheck = 1500;
				LastUpgradeCheck = 1500;
				TargetAttributes = {
					DABC83E22AECFFE50048533F = {
						CreatedOnToolsVersion = 15.0.1;
					};
					DABC83F82AECFFE60048533F = {
						CreatedOnToolsVersion = 15.0.1;
						TestTargetID = DABC83E22AECFFE50048533F;
					};
					DABC84022AECFFE60048533F = {
						CreatedOnToolsVersion = 15.0.1;
						TestTargetID = DABC83E22AECFFE50048533F;
					};
				};
			};
			buildConfigurationList = DABC83DE2AECFFE50048533F /* Build configuration list for PBXProject "ProtocolOrientedProject" */;
			compatibilityVersion = "Xcode 14.0";
			developmentRegion = en;
			hasScannedForEncodings = 0;
			knownRegions = (
				en,
				Base,
			);
			mainGroup = DABC83DA2AECFFE50048533F;
			productRefGroup = DABC83E42AECFFE50048533F /* Products */;
			projectDirPath = "";
			projectRoot = "";
			targets = (
				DABC83E22AECFFE50048533F /* ProtocolOrientedProject */,
				DABC83F82AECFFE60048533F /* ProtocolOrientedProjectTests */,
				DABC84022AECFFE60048533F /* ProtocolOrientedProjectUITests */,
			);
		};
/* End PBXProject section */

/* Begin PBXResourcesBuildPhase section */
		DABC83E12AECFFE50048533F /* Resources */ = {
			isa = PBXResourcesBuildPhase;
			buildActionMask = 2147483647;
			files = (
				DABC83F32AECFFE60048533F /* LaunchScreen.storyboard in Resources */,
				DABC83F02AECFFE60048533F /* Assets.xcassets in Resources */,
			);
			runOnlyForDeploymentPostprocessing = 0;
		};
		DABC83F72AECFFE60048533F /* Resources */ = {
			isa = PBXResourcesBuildPhase;
			buildActionMask = 2147483647;
			files = (
			);
			runOnlyForDeploymentPostprocessing = 0;
		};
		DABC84012AECFFE60048533F /* Resources */ = {
			isa = PBXResourcesBuildPhase;
			buildActionMask = 2147483647;
			files = (
			);
			runOnlyForDeploymentPostprocessing = 0;
		};
/* End PBXResourcesBuildPhase section */

/* Begin PBXSourcesBuildPhase section */
		DABC83DF2AECFFE50048533F /* Sources */ = {
			isa = PBXSourcesBuildPhase;
			buildActionMask = 2147483647;
			files = (
				DABC84172AED036B0048533F /* User.swift in Sources */,
				DABC841F2AED194D0048533F /* UserViewModel.swift in Sources */,
				DABC83EB2AECFFE50048533F /* HomepageVC.swift in Sources */,
				DABC84212AED1BF90048533F /* UserViewModelOutput.swift in Sources */,
				DA534FE92AED61C0009F7CB8 /* UserService.swift in Sources */,
				DABC841D2AED039A0048533F /* UserServiceImplementation.swift in Sources */,
				DABC83E72AECFFE50048533F /* AppDelegate.swift in Sources */,
				DABC83E92AECFFE50048533F /* SceneDelegate.swift in Sources */,
			);
			runOnlyForDeploymentPostprocessing = 0;
		};
		DABC83F52AECFFE60048533F /* Sources */ = {
			isa = PBXSourcesBuildPhase;
			buildActionMask = 2147483647;
			files = (
				DABC83FE2AECFFE60048533F /* ProtocolOrientedProjectTests.swift in Sources */,
			);
			runOnlyForDeploymentPostprocessing = 0;
		};
		DABC83FF2AECFFE60048533F /* Sources */ = {
			isa = PBXSourcesBuildPhase;
			buildActionMask = 2147483647;
			files = (
				DABC840A2AECFFE60048533F /* ProtocolOrientedProjectUITestsLaunchTests.swift in Sources */,
				DABC84082AECFFE60048533F /* ProtocolOrientedProjectUITests.swift in Sources */,
			);
			runOnlyForDeploymentPostprocessing = 0;
		};
/* End PBXSourcesBuildPhase section */

/* Begin PBXTargetDependency section */
		DABC83FB2AECFFE60048533F /* PBXTargetDependency */ = {
			isa = PBXTargetDependency;
			target = DABC83E22AECFFE50048533F /* ProtocolOrientedProject */;
			targetProxy = DABC83FA2AECFFE60048533F /* PBXContainerItemProxy */;
		};
		DABC84052AECFFE60048533F /* PBXTargetDependency */ = {
			isa = PBXTargetDependency;
			target = DABC83E22AECFFE50048533F /* ProtocolOrientedProject */;
			targetProxy = DABC84042AECFFE60048533F /* PBXContainerItemProxy */;
		};
/* End PBXTargetDependency section */

/* Begin PBXVariantGroup section */
		DABC83F12AECFFE60048533F /* LaunchScreen.storyboard */ = {
			isa = PBXVariantGroup;
			children = (
				DABC83F22AECFFE60048533F /* Base */,
			);
			name = LaunchScreen.storyboard;
			sourceTree = "<group>";
		};
/* End PBXVariantGroup section */

/* Begin XCBuildConfiguration section */
		DABC840B2AECFFE60048533F /* Debug */ = {
			isa = XCBuildConfiguration;
			buildSettings = {
				ALWAYS_SEARCH_USER_PATHS = NO;
				ASSETCATALOG_COMPILER_GENERATE_SWIFT_ASSET_SYMBOL_EXTENSIONS = YES;
				CLANG_ANALYZER_NONNULL = YES;
				CLANG_ANALYZER_NUMBER_OBJECT_CONVERSION = YES_AGGRESSIVE;
				CLANG_CXX_LANGUAGE_STANDARD = "gnu++20";
				CLANG_ENABLE_MODULES = YES;
				CLANG_ENABLE_OBJC_ARC = YES;
				CLANG_ENABLE_OBJC_WEAK = YES;
				CLANG_WARN_BLOCK_CAPTURE_AUTORELEASING = YES;
				CLANG_WARN_BOOL_CONVERSION = YES;
				CLANG_WARN_COMMA = YES;
				CLANG_WARN_CONSTANT_CONVERSION = YES;
				CLANG_WARN_DEPRECATED_OBJC_IMPLEMENTATIONS = YES;
				CLANG_WARN_DIRECT_OBJC_ISA_USAGE = YES_ERROR;
				CLANG_WARN_DOCUMENTATION_COMMENTS = YES;
				CLANG_WARN_EMPTY_BODY = YES;
				CLANG_WARN_ENUM_CONVERSION = YES;
				CLANG_WARN_INFINITE_RECURSION = YES;
				CLANG_WARN_INT_CONVERSION = YES;
				CLANG_WARN_NON_LITERAL_NULL_CONVERSION = YES;
				CLANG_WARN_OBJC_IMPLICIT_RETAIN_SELF = YES;
				CLANG_WARN_OBJC_LITERAL_CONVERSION = YES;
				CLANG_WARN_OBJC_ROOT_CLASS = YES_ERROR;
				CLANG_WARN_QUOTED_INCLUDE_IN_FRAMEWORK_HEADER = YES;
				CLANG_WARN_RANGE_LOOP_ANALYSIS = YES;
				CLANG_WARN_STRICT_PROTOTYPES = YES;
				CLANG_WARN_SUSPICIOUS_MOVE = YES;
				CLANG_WARN_UNGUARDED_AVAILABILITY = YES_AGGRESSIVE;
				CLANG_WARN_UNREACHABLE_CODE = YES;
				CLANG_WARN__DUPLICATE_METHOD_MATCH = YES;
				COPY_PHASE_STRIP = NO;
				DEBUG_INFORMATION_FORMAT = dwarf;
				ENABLE_STRICT_OBJC_MSGSEND = YES;
				ENABLE_TESTABILITY = YES;
				ENABLE_USER_SCRIPT_SANDBOXING = YES;
				GCC_C_LANGUAGE_STANDARD = gnu17;
				GCC_DYNAMIC_NO_PIC = NO;
				GCC_NO_COMMON_BLOCKS = YES;
				GCC_OPTIMIZATION_LEVEL = 0;
				GCC_PREPROCESSOR_DEFINITIONS = (
					"DEBUG=1",
					"$(inherited)",
				);
				GCC_WARN_64_TO_32_BIT_CONVERSION = YES;
				GCC_WARN_ABOUT_RETURN_TYPE = YES_ERROR;
				GCC_WARN_UNDECLARED_SELECTOR = YES;
				GCC_WARN_UNINITIALIZED_AUTOS = YES_AGGRESSIVE;
				GCC_WARN_UNUSED_FUNCTION = YES;
				GCC_WARN_UNUSED_VARIABLE = YES;
				IPHONEOS_DEPLOYMENT_TARGET = 17.0;
				LOCALIZATION_PREFERS_STRING_CATALOGS = YES;
				MTL_ENABLE_DEBUG_INFO = INCLUDE_SOURCE;
				MTL_FAST_MATH = YES;
				ONLY_ACTIVE_ARCH = YES;
				SDKROOT = iphoneos;
				SWIFT_ACTIVE_COMPILATION_CONDITIONS = "DEBUG $(inherited)";
				SWIFT_OPTIMIZATION_LEVEL = "-Onone";
			};
			name = Debug;
		};
		DABC840C2AECFFE60048533F /* Release */ = {
			isa = XCBuildConfiguration;
			buildSettings = {
				ALWAYS_SEARCH_USER_PATHS = NO;
				ASSETCATALOG_COMPILER_GENERATE_SWIFT_ASSET_SYMBOL_EXTENSIONS = YES;
				CLANG_ANALYZER_NONNULL = YES;
				CLANG_ANALYZER_NUMBER_OBJECT_CONVERSION = YES_AGGRESSIVE;
				CLANG_CXX_LANGUAGE_STANDARD = "gnu++20";
				CLANG_ENABLE_MODULES = YES;
				CLANG_ENABLE_OBJC_ARC = YES;
				CLANG_ENABLE_OBJC_WEAK = YES;
				CLANG_WARN_BLOCK_CAPTURE_AUTORELEASING = YES;
				CLANG_WARN_BOOL_CONVERSION = YES;
				CLANG_WARN_COMMA = YES;
				CLANG_WARN_CONSTANT_CONVERSION = YES;
				CLANG_WARN_DEPRECATED_OBJC_IMPLEMENTATIONS = YES;
				CLANG_WARN_DIRECT_OBJC_ISA_USAGE = YES_ERROR;
				CLANG_WARN_DOCUMENTATION_COMMENTS = YES;
				CLANG_WARN_EMPTY_BODY = YES;
				CLANG_WARN_ENUM_CONVERSION = YES;
				CLANG_WARN_INFINITE_RECURSION = YES;
				CLANG_WARN_INT_CONVERSION = YES;
				CLANG_WARN_NON_LITERAL_NULL_CONVERSION = YES;
				CLANG_WARN_OBJC_IMPLICIT_RETAIN_SELF = YES;
				CLANG_WARN_OBJC_LITERAL_CONVERSION = YES;
				CLANG_WARN_OBJC_ROOT_CLASS = YES_ERROR;
				CLANG_WARN_QUOTED_INCLUDE_IN_FRAMEWORK_HEADER = YES;
				CLANG_WARN_RANGE_LOOP_ANALYSIS = YES;
				CLANG_WARN_STRICT_PROTOTYPES = YES;
				CLANG_WARN_SUSPICIOUS_MOVE = YES;
				CLANG_WARN_UNGUARDED_AVAILABILITY = YES_AGGRESSIVE;
				CLANG_WARN_UNREACHABLE_CODE = YES;
				CLANG_WARN__DUPLICATE_METHOD_MATCH = YES;
				COPY_PHASE_STRIP = NO;
				DEBUG_INFORMATION_FORMAT = "dwarf-with-dsym";
				ENABLE_NS_ASSERTIONS = NO;
				ENABLE_STRICT_OBJC_MSGSEND = YES;
				ENABLE_USER_SCRIPT_SANDBOXING = YES;
				GCC_C_LANGUAGE_STANDARD = gnu17;
				GCC_NO_COMMON_BLOCKS = YES;
				GCC_WARN_64_TO_32_BIT_CONVERSION = YES;
				GCC_WARN_ABOUT_RETURN_TYPE = YES_ERROR;
				GCC_WARN_UNDECLARED_SELECTOR = YES;
				GCC_WARN_UNINITIALIZED_AUTOS = YES_AGGRESSIVE;
				GCC_WARN_UNUSED_FUNCTION = YES;
				GCC_WARN_UNUSED_VARIABLE = YES;
				IPHONEOS_DEPLOYMENT_TARGET = 17.0;
				LOCALIZATION_PREFERS_STRING_CATALOGS = YES;
				MTL_ENABLE_DEBUG_INFO = NO;
				MTL_FAST_MATH = YES;
				SDKROOT = iphoneos;
				SWIFT_COMPILATION_MODE = wholemodule;
				VALIDATE_PRODUCT = YES;
			};
			name = Release;
		};
		DABC840E2AECFFE60048533F /* Debug */ = {
			isa = XCBuildConfiguration;
			buildSettings = {
				ASSETCATALOG_COMPILER_APPICON_NAME = AppIcon;
				ASSETCATALOG_COMPILER_GLOBAL_ACCENT_COLOR_NAME = AccentColor;
				CODE_SIGN_STYLE = Automatic;
				CURRENT_PROJECT_VERSION = 1;
				DEVELOPMENT_TEAM = 7YAHT2XZPP;
				GENERATE_INFOPLIST_FILE = YES;
				INFOPLIST_FILE = ProtocolOrientedProject/Info.plist;
				INFOPLIST_KEY_UIApplicationSupportsIndirectInputEvents = YES;
				INFOPLIST_KEY_UILaunchStoryboardName = LaunchScreen;
				INFOPLIST_KEY_UISupportedInterfaceOrientations_iPad = "UIInterfaceOrientationPortrait UIInterfaceOrientationPortraitUpsideDown UIInterfaceOrientationLandscapeLeft UIInterfaceOrientationLandscapeRight";
				INFOPLIST_KEY_UISupportedInterfaceOrientations_iPhone = "UIInterfaceOrientationPortrait UIInterfaceOrientationLandscapeLeft UIInterfaceOrientationLandscapeRight";
				LD_RUNPATH_SEARCH_PATHS = (
					"$(inherited)",
					"@executable_path/Frameworks",
				);
				MARKETING_VERSION = 1.0;
				PRODUCT_BUNDLE_IDENTIFIER = yakupacs.ProtocolOrientedProject;
				PRODUCT_NAME = "$(TARGET_NAME)";
				SWIFT_EMIT_LOC_STRINGS = YES;
				SWIFT_VERSION = 5.0;
				TARGETED_DEVICE_FAMILY = "1,2";
			};
			name = Debug;
		};
		DABC840F2AECFFE60048533F /* Release */ = {
			isa = XCBuildConfiguration;
			buildSettings = {
				ASSETCATALOG_COMPILER_APPICON_NAME = AppIcon;
				ASSETCATALOG_COMPILER_GLOBAL_ACCENT_COLOR_NAME = AccentColor;
				CODE_SIGN_STYLE = Automatic;
				CURRENT_PROJECT_VERSION = 1;
				DEVELOPMENT_TEAM = 7YAHT2XZPP;
				GENERATE_INFOPLIST_FILE = YES;
				INFOPLIST_FILE = ProtocolOrientedProject/Info.plist;
				INFOPLIST_KEY_UIApplicationSupportsIndirectInputEvents = YES;
				INFOPLIST_KEY_UILaunchStoryboardName = LaunchScreen;
				INFOPLIST_KEY_UISupportedInterfaceOrientations_iPad = "UIInterfaceOrientationPortrait UIInterfaceOrientationPortraitUpsideDown UIInterfaceOrientationLandscapeLeft UIInterfaceOrientationLandscapeRight";
				INFOPLIST_KEY_UISupportedInterfaceOrientations_iPhone = "UIInterfaceOrientationPortrait UIInterfaceOrientationLandscapeLeft UIInterfaceOrientationLandscapeRight";
				LD_RUNPATH_SEARCH_PATHS = (
					"$(inherited)",
					"@executable_path/Frameworks",
				);
				MARKETING_VERSION = 1.0;
				PRODUCT_BUNDLE_IDENTIFIER = yakupacs.ProtocolOrientedProject;
				PRODUCT_NAME = "$(TARGET_NAME)";
				SWIFT_EMIT_LOC_STRINGS = YES;
				SWIFT_VERSION = 5.0;
				TARGETED_DEVICE_FAMILY = "1,2";
			};
			name = Release;
		};
		DABC84112AECFFE60048533F /* Debug */ = {
			isa = XCBuildConfiguration;
			buildSettings = {
				ALWAYS_EMBED_SWIFT_STANDARD_LIBRARIES = YES;
				BUNDLE_LOADER = "$(TEST_HOST)";
				CODE_SIGN_STYLE = Automatic;
				CURRENT_PROJECT_VERSION = 1;
				DEVELOPMENT_TEAM = 7YAHT2XZPP;
				GENERATE_INFOPLIST_FILE = YES;
				IPHONEOS_DEPLOYMENT_TARGET = 17.0;
				MARKETING_VERSION = 1.0;
				PRODUCT_BUNDLE_IDENTIFIER = yakupacs.ProtocolOrientedProjectTests;
				PRODUCT_NAME = "$(TARGET_NAME)";
				SWIFT_EMIT_LOC_STRINGS = NO;
				SWIFT_VERSION = 5.0;
				TARGETED_DEVICE_FAMILY = "1,2";
				TEST_HOST = "$(BUILT_PRODUCTS_DIR)/ProtocolOrientedProject.app/$(BUNDLE_EXECUTABLE_FOLDER_PATH)/ProtocolOrientedProject";
			};
			name = Debug;
		};
		DABC84122AECFFE60048533F /* Release */ = {
			isa = XCBuildConfiguration;
			buildSettings = {
				ALWAYS_EMBED_SWIFT_STANDARD_LIBRARIES = YES;
				BUNDLE_LOADER = "$(TEST_HOST)";
				CODE_SIGN_STYLE = Automatic;
				CURRENT_PROJECT_VERSION = 1;
				DEVELOPMENT_TEAM = 7YAHT2XZPP;
				GENERATE_INFOPLIST_FILE = YES;
				IPHONEOS_DEPLOYMENT_TARGET = 17.0;
				MARKETING_VERSION = 1.0;
				PRODUCT_BUNDLE_IDENTIFIER = yakupacs.ProtocolOrientedProjectTests;
				PRODUCT_NAME = "$(TARGET_NAME)";
				SWIFT_EMIT_LOC_STRINGS = NO;
				SWIFT_VERSION = 5.0;
				TARGETED_DEVICE_FAMILY = "1,2";
				TEST_HOST = "$(BUILT_PRODUCTS_DIR)/ProtocolOrientedProject.app/$(BUNDLE_EXECUTABLE_FOLDER_PATH)/ProtocolOrientedProject";
			};
			name = Release;
		};
		DABC84142AECFFE60048533F /* Debug */ = {
			isa = XCBuildConfiguration;
			buildSettings = {
				ALWAYS_EMBED_SWIFT_STANDARD_LIBRARIES = YES;
				CODE_SIGN_STYLE = Automatic;
				CURRENT_PROJECT_VERSION = 1;
				DEVELOPMENT_TEAM = 7YAHT2XZPP;
				GENERATE_INFOPLIST_FILE = YES;
				MARKETING_VERSION = 1.0;
				PRODUCT_BUNDLE_IDENTIFIER = yakupacs.ProtocolOrientedProjectUITests;
				PRODUCT_NAME = "$(TARGET_NAME)";
				SWIFT_EMIT_LOC_STRINGS = NO;
				SWIFT_VERSION = 5.0;
				TARGETED_DEVICE_FAMILY = "1,2";
				TEST_TARGET_NAME = ProtocolOrientedProject;
			};
			name = Debug;
		};
		DABC84152AECFFE60048533F /* Release */ = {
			isa = XCBuildConfiguration;
			buildSettings = {
				ALWAYS_EMBED_SWIFT_STANDARD_LIBRARIES = YES;
				CODE_SIGN_STYLE = Automatic;
				CURRENT_PROJECT_VERSION = 1;
				DEVELOPMENT_TEAM = 7YAHT2XZPP;
				GENERATE_INFOPLIST_FILE = YES;
				MARKETING_VERSION = 1.0;
				PRODUCT_BUNDLE_IDENTIFIER = yakupacs.ProtocolOrientedProjectUITests;
				PRODUCT_NAME = "$(TARGET_NAME)";
				SWIFT_EMIT_LOC_STRINGS = NO;
				SWIFT_VERSION = 5.0;
				TARGETED_DEVICE_FAMILY = "1,2";
				TEST_TARGET_NAME = ProtocolOrientedProject;
			};
			name = Release;
		};
/* End XCBuildConfiguration section */

/* Begin XCConfigurationList section */
		DABC83DE2AECFFE50048533F /* Build configuration list for PBXProject "ProtocolOrientedProject" */ = {
			isa = XCConfigurationList;
			buildConfigurations = (
				DABC840B2AECFFE60048533F /* Debug */,
				DABC840C2AECFFE60048533F /* Release */,
			);
			defaultConfigurationIsVisible = 0;
			defaultConfigurationName = Release;
		};
		DABC840D2AECFFE60048533F /* Build configuration list for PBXNativeTarget "ProtocolOrientedProject" */ = {
			isa = XCConfigurationList;
			buildConfigurations = (
				DABC840E2AECFFE60048533F /* Debug */,
				DABC840F2AECFFE60048533F /* Release */,
			);
			defaultConfigurationIsVisible = 0;
			defaultConfigurationName = Release;
		};
		DABC84102AECFFE60048533F /* Build configuration list for PBXNativeTarget "ProtocolOrientedProjectTests" */ = {
			isa = XCConfigurationList;
			buildConfigurations = (
				DABC84112AECFFE60048533F /* Debug */,
				DABC84122AECFFE60048533F /* Release */,
			);
			defaultConfigurationIsVisible = 0;
			defaultConfigurationName = Release;
		};
		DABC84132AECFFE60048533F /* Build configuration list for PBXNativeTarget "ProtocolOrientedProjectUITests" */ = {
			isa = XCConfigurationList;
			buildConfigurations = (
				DABC84142AECFFE60048533F /* Debug */,
				DABC84152AECFFE60048533F /* Release */,
			);
			defaultConfigurationIsVisible = 0;
			defaultConfigurationName = Release;
		};
/* End XCConfigurationList section */
	};
	rootObject = DABC83DB2AECFFE50048533F /* Project object */;
}
