// !$*UTF8*$!
{
	archiveVersion = 1;
	classes = {
	};
	objectVersion = 56;
	objects = {

/* Begin PBXBuildFile section */
		DAD448B12AEB9B8700C122DC /* FirstAppSwiftUIApp.swift in Sources */ = {isa = PBXBuildFile; fileRef = DAD448B02AEB9B8700C122DC /* FirstAppSwiftUIApp.swift */; };
		DAD448B32AEB9B8700C122DC /* ContentView.swift in Sources */ = {isa = PBXBuildFile; fileRef = DAD448B22AEB9B8700C122DC /* ContentView.swift */; };
		DAD448B52AEB9B8800C122DC /* Assets.xcassets in Resources */ = {isa = PBXBuildFile; fileRef = DAD448B42AEB9B8800C122DC /* Assets.xcassets */; };
		DAD448B82AEB9B8800C122DC /* Preview Assets.xcassets in Resources */ = {isa = PBXBuildFile; fileRef = DAD448B72AEB9B8800C122DC /* Preview Assets.xcassets */; };
		DAF4761E2AEBA2B5003EEECE /* SecondView.swift in Sources */ = {isa = PBXBuildFile; fileRef = DAF4761D2AEBA2B5003EEECE /* SecondView.swift */; };
		DAF476202AEBA778003EEECE /* User.swift in Sources */ = {isa = PBXBuildFile; fileRef = DAF4761F2AEBA778003EEECE /* User.swift */; };
		DAF476222AEBA7C9003EEECE /* ThirdView.swift in Sources */ = {isa = PBXBuildFile; fileRef = DAF476212AEBA7C9003EEECE /* ThirdView.swift */; };
		DAF476242AEBACE3003EEECE /* FourthView.swift in Sources */ = {isa = PBXBuildFile; fileRef = DAF476232AEBACE3003EEECE /* FourthView.swift */; };
		DAF476262AEBAF47003EEECE /* FifthView.swift in Sources */ = {isa = PBXBuildFile; fileRef = DAF476252AEBAF47003EEECE /* FifthView.swift */; };
/* End PBXBuildFile section */

/* Begin PBXFileReference section */
		DAD448AD2AEB9B8700C122DC /* FirstAppSwiftUI.app */ = {isa = PBXFileReference; explicitFileType = wrapper.application; includeInIndex = 0; path = FirstAppSwiftUI.app; sourceTree = BUILT_PRODUCTS_DIR; };
		DAD448B02AEB9B8700C122DC /* FirstAppSwiftUIApp.swift */ = {isa = PBXFileReference; lastKnownFileType = sourcecode.swift; path = FirstAppSwiftUIApp.swift; sourceTree = "<group>"; };
		DAD448B22AEB9B8700C122DC /* ContentView.swift */ = {isa = PBXFileReference; lastKnownFileType = sourcecode.swift; path = ContentView.swift; sourceTree = "<group>"; };
		DAD448B42AEB9B8800C122DC /* Assets.xcassets */ = {isa = PBXFileReference; lastKnownFileType = folder.assetcatalog; path = Assets.xcassets; sourceTree = "<group>"; };
		DAD448B72AEB9B8800C122DC /* Preview Assets.xcassets */ = {isa = PBXFileReference; lastKnownFileType = folder.assetcatalog; path = "Preview Assets.xcassets"; sourceTree = "<group>"; };
		DAF4761D2AEBA2B5003EEECE /* SecondView.swift */ = {isa = PBXFileReference; lastKnownFileType = sourcecode.swift; path = SecondView.swift; sourceTree = "<group>"; };
		DAF4761F2AEBA778003EEECE /* User.swift */ = {isa = PBXFileReference; lastKnownFileType = sourcecode.swift; path = User.swift; sourceTree = "<group>"; };
		DAF476212AEBA7C9003EEECE /* ThirdView.swift */ = {isa = PBXFileReference; lastKnownFileType = sourcecode.swift; path = ThirdView.swift; sourceTree = "<group>"; };
		DAF476232AEBACE3003EEECE /* FourthView.swift */ = {isa = PBXFileReference; lastKnownFileType = sourcecode.swift; path = FourthView.swift; sourceTree = "<group>"; };
		DAF476252AEBAF47003EEECE /* FifthView.swift */ = {isa = PBXFileReference; lastKnownFileType = sourcecode.swift; path = FifthView.swift; sourceTree = "<group>"; };
/* End PBXFileReference section */

/* Begin PBXFrameworksBuildPhase section */
		DAD448AA2AEB9B8700C122DC /* Frameworks */ = {
			isa = PBXFrameworksBuildPhase;
			buildActionMask = 2147483647;
			files = (
			);
			runOnlyForDeploymentPostprocessing = 0;
		};
/* End PBXFrameworksBuildPhase section */

/* Begin PBXGroup section */
		DAD448A42AEB9B8700C122DC = {
			isa = PBXGroup;
			children = (
				DAD448AF2AEB9B8700C122DC /* FirstAppSwiftUI */,
				DAD448AE2AEB9B8700C122DC /* Products */,
			);
			sourceTree = "<group>";
		};
		DAD448AE2AEB9B8700C122DC /* Products */ = {
			isa = PBXGroup;
			children = (
				DAD448AD2AEB9B8700C122DC /* FirstAppSwiftUI.app */,
			);
			name = Products;
			sourceTree = "<group>";
		};
		DAD448AF2AEB9B8700C122DC /* FirstAppSwiftUI */ = {
			isa = PBXGroup;
			children = (
				DAD448B02AEB9B8700C122DC /* FirstAppSwiftUIApp.swift */,
				DAD448B22AEB9B8700C122DC /* ContentView.swift */,
				DAF4761D2AEBA2B5003EEECE /* SecondView.swift */,
				DAD448B42AEB9B8800C122DC /* Assets.xcassets */,
				DAD448B62AEB9B8800C122DC /* Preview Content */,
				DAF4761F2AEBA778003EEECE /* User.swift */,
				DAF476212AEBA7C9003EEECE /* ThirdView.swift */,
				DAF476232AEBACE3003EEECE /* FourthView.swift */,
				DAF476252AEBAF47003EEECE /* FifthView.swift */,
			);
			path = FirstAppSwiftUI;
			sourceTree = "<group>";
		};
		DAD448B62AEB9B8800C122DC /* Preview Content */ = {
			isa = PBXGroup;
			children = (
				DAD448B72AEB9B8800C122DC /* Preview Assets.xcassets */,
			);
			path = "Preview Content";
			sourceTree = "<group>";
		};
/* End PBXGroup section */

/* Begin PBXNativeTarget section */
		DAD448AC2AEB9B8700C122DC /* FirstAppSwiftUI */ = {
			isa = PBXNativeTarget;
			buildConfigurationList = DAD448BB2AEB9B8800C122DC /* Build configuration list for PBXNativeTarget "FirstAppSwiftUI" */;
			buildPhases = (
				DAD448A92AEB9B8700C122DC /* Sources */,
				DAD448AA2AEB9B8700C122DC /* Frameworks */,
				DAD448AB2AEB9B8700C122DC /* Resources */,
			);
			buildRules = (
			);
			dependencies = (
			);
			name = FirstAppSwiftUI;
			productName = FirstAppSwiftUI;
			productReference = DAD448AD2AEB9B8700C122DC /* FirstAppSwiftUI.app */;
			productType = "com.apple.product-type.application";
		};
/* End PBXNativeTarget section */

/* Begin PBXProject section */
		DAD448A52AEB9B8700C122DC /* Project object */ = {
			isa = PBXProject;
			attributes = {
				BuildIndependentTargetsInParallel = 1;
				LastSwiftUpdateCheck = 1500;
				LastUpgradeCheck = 1500;
				TargetAttributes = {
					DAD448AC2AEB9B8700C122DC = {
						CreatedOnToolsVersion = 15.0;
					};
				};
			};
			buildConfigurationList = DAD448A82AEB9B8700C122DC /* Build configuration list for PBXProject "FirstAppSwiftUI" */;
			compatibilityVersion = "Xcode 14.0";
			developmentRegion = en;
			hasScannedForEncodings = 0;
			knownRegions = (
				en,
				Base,
			);
			mainGroup = DAD448A42AEB9B8700C122DC;
			productRefGroup = DAD448AE2AEB9B8700C122DC /* Products */;
			projectDirPath = "";
			projectRoot = "";
			targets = (
				DAD448AC2AEB9B8700C122DC /* FirstAppSwiftUI */,
			);
		};
/* End PBXProject section */

/* Begin PBXResourcesBuildPhase section */
		DAD448AB2AEB9B8700C122DC /* Resources */ = {
			isa = PBXResourcesBuildPhase;
			buildActionMask = 2147483647;
			files = (
				DAD448B82AEB9B8800C122DC /* Preview Assets.xcassets in Resources */,
				DAD448B52AEB9B8800C122DC /* Assets.xcassets in Resources */,
			);
			runOnlyForDeploymentPostprocessing = 0;
		};
/* End PBXResourcesBuildPhase section */

/* Begin PBXSourcesBuildPhase section */
		DAD448A92AEB9B8700C122DC /* Sources */ = {
			isa = PBXSourcesBuildPhase;
			buildActionMask = 2147483647;
			files = (
				DAF476202AEBA778003EEECE /* User.swift in Sources */,
				DAF476222AEBA7C9003EEECE /* ThirdView.swift in Sources */,
				DAF4761E2AEBA2B5003EEECE /* SecondView.swift in Sources */,
				DAD448B32AEB9B8700C122DC /* ContentView.swift in Sources */,
				DAF476242AEBACE3003EEECE /* FourthView.swift in Sources */,
				DAF476262AEBAF47003EEECE /* FifthView.swift in Sources */,
				DAD448B12AEB9B8700C122DC /* FirstAppSwiftUIApp.swift in Sources */,
			);
			runOnlyForDeploymentPostprocessing = 0;
		};
/* End PBXSourcesBuildPhase section */

/* Begin XCBuildConfiguration section */
		DAD448B92AEB9B8800C122DC /* Debug */ = {
			isa = XCBuildConfiguration;
			buildSettings = {
				ALWAYS_SEARCH_USER_PATHS = NO;
				ASSETCATALOG_COMPILER_GENERATE_SWIFT_ASSET_SYMBOL_EXTENSIONS = YES;
				CLANG_ANALYZER_NONNULL = YES;
				CLANG_ANALYZER_NUMBER_OBJECT_CONVERSION = YES_AGGRESSIVE;
				CLANG_CXX_LANGUAGE_STANDARD = "gnu++20";
				CLANG_ENABLE_MODULES = YES;
				CLANG_ENABLE_OBJC_ARC = YES;
				CLANG_ENABLE_OBJC_WEAK = YES;
				CLANG_WARN_BLOCK_CAPTURE_AUTORELEASING = YES;
				CLANG_WARN_BOOL_CONVERSION = YES;
				CLANG_WARN_COMMA = YES;
				CLANG_WARN_CONSTANT_CONVERSION = YES;
				CLANG_WARN_DEPRECATED_OBJC_IMPLEMENTATIONS = YES;
				CLANG_WARN_DIRECT_OBJC_ISA_USAGE = YES_ERROR;
				CLANG_WARN_DOCUMENTATION_COMMENTS = YES;
				CLANG_WARN_EMPTY_BODY = YES;
				CLANG_WARN_ENUM_CONVERSION = YES;
				CLANG_WARN_INFINITE_RECURSION = YES;
				CLANG_WARN_INT_CONVERSION = YES;
				CLANG_WARN_NON_LITERAL_NULL_CONVERSION = YES;
				CLANG_WARN_OBJC_IMPLICIT_RETAIN_SELF = YES;
				CLANG_WARN_OBJC_LITERAL_CONVERSION = YES;
				CLANG_WARN_OBJC_ROOT_CLASS = YES_ERROR;
				CLANG_WARN_QUOTED_INCLUDE_IN_FRAMEWORK_HEADER = YES;
				CLANG_WARN_RANGE_LOOP_ANALYSIS = YES;
				CLANG_WARN_STRICT_PROTOTYPES = YES;
				CLANG_WARN_SUSPICIOUS_MOVE = YES;
				CLANG_WARN_UNGUARDED_AVAILABILITY = YES_AGGRESSIVE;
				CLANG_WARN_UNREACHABLE_CODE = YES;
				CLANG_WARN__DUPLICATE_METHOD_MATCH = YES;
				COPY_PHASE_STRIP = NO;
				DEBUG_INFORMATION_FORMAT = dwarf;
				ENABLE_STRICT_OBJC_MSGSEND = YES;
				ENABLE_TESTABILITY = YES;
				ENABLE_USER_SCRIPT_SANDBOXING = YES;
				GCC_C_LANGUAGE_STANDARD = gnu17;
				GCC_DYNAMIC_NO_PIC = NO;
				GCC_NO_COMMON_BLOCKS = YES;
				GCC_OPTIMIZATION_LEVEL = 0;
				GCC_PREPROCESSOR_DEFINITIONS = (
					"DEBUG=1",
					"$(inherited)",
				);
				GCC_WARN_64_TO_32_BIT_CONVERSION = YES;
				GCC_WARN_ABOUT_RETURN_TYPE = YES_ERROR;
				GCC_WARN_UNDECLARED_SELECTOR = YES;
				GCC_WARN_UNINITIALIZED_AUTOS = YES_AGGRESSIVE;
				GCC_WARN_UNUSED_FUNCTION = YES;
				GCC_WARN_UNUSED_VARIABLE = YES;
				IPHONEOS_DEPLOYMENT_TARGET = 17.0;
				LOCALIZATION_PREFERS_STRING_CATALOGS = YES;
				MTL_ENABLE_DEBUG_INFO = INCLUDE_SOURCE;
				MTL_FAST_MATH = YES;
				ONLY_ACTIVE_ARCH = YES;
				SDKROOT = iphoneos;
				SWIFT_ACTIVE_COMPILATION_CONDITIONS = "DEBUG $(inherited)";
				SWIFT_OPTIMIZATION_LEVEL = "-Onone";
			};
			name = Debug;
		};
		DAD448BA2AEB9B8800C122DC /* Release */ = {
			isa = XCBuildConfiguration;
			buildSettings = {
				ALWAYS_SEARCH_USER_PATHS = NO;
				ASSETCATALOG_COMPILER_GENERATE_SWIFT_ASSET_SYMBOL_EXTENSIONS = YES;
				CLANG_ANALYZER_NONNULL = YES;
				CLANG_ANALYZER_NUMBER_OBJECT_CONVERSION = YES_AGGRESSIVE;
				CLANG_CXX_LANGUAGE_STANDARD = "gnu++20";
				CLANG_ENABLE_MODULES = YES;
				CLANG_ENABLE_OBJC_ARC = YES;
				CLANG_ENABLE_OBJC_WEAK = YES;
				CLANG_WARN_BLOCK_CAPTURE_AUTORELEASING = YES;
				CLANG_WARN_BOOL_CONVERSION = YES;
				CLANG_WARN_COMMA = YES;
				CLANG_WARN_CONSTANT_CONVERSION = YES;
				CLANG_WARN_DEPRECATED_OBJC_IMPLEMENTATIONS = YES;
				CLANG_WARN_DIRECT_OBJC_ISA_USAGE = YES_ERROR;
				CLANG_WARN_DOCUMENTATION_COMMENTS = YES;
				CLANG_WARN_EMPTY_BODY = YES;
				CLANG_WARN_ENUM_CONVERSION = YES;
				CLANG_WARN_INFINITE_RECURSION = YES;
				CLANG_WARN_INT_CONVERSION = YES;
				CLANG_WARN_NON_LITERAL_NULL_CONVERSION = YES;
				CLANG_WARN_OBJC_IMPLICIT_RETAIN_SELF = YES;
				CLANG_WARN_OBJC_LITERAL_CONVERSION = YES;
				CLANG_WARN_OBJC_ROOT_CLASS = YES_ERROR;
				CLANG_WARN_QUOTED_INCLUDE_IN_FRAMEWORK_HEADER = YES;
				CLANG_WARN_RANGE_LOOP_ANALYSIS = YES;
				CLANG_WARN_STRICT_PROTOTYPES = YES;
				CLANG_WARN_SUSPICIOUS_MOVE = YES;
				CLANG_WARN_UNGUARDED_AVAILABILITY = YES_AGGRESSIVE;
				CLANG_WARN_UNREACHABLE_CODE = YES;
				CLANG_WARN__DUPLICATE_METHOD_MATCH = YES;
				COPY_PHASE_STRIP = NO;
				DEBUG_INFORMATION_FORMAT = "dwarf-with-dsym";
				ENABLE_NS_ASSERTIONS = NO;
				ENABLE_STRICT_OBJC_MSGSEND = YES;
				ENABLE_USER_SCRIPT_SANDBOXING = YES;
				GCC_C_LANGUAGE_STANDARD = gnu17;
				GCC_NO_COMMON_BLOCKS = YES;
				GCC_WARN_64_TO_32_BIT_CONVERSION = YES;
				GCC_WARN_ABOUT_RETURN_TYPE = YES_ERROR;
				GCC_WARN_UNDECLARED_SELECTOR = YES;
				GCC_WARN_UNINITIALIZED_AUTOS = YES_AGGRESSIVE;
				GCC_WARN_UNUSED_FUNCTION = YES;
				GCC_WARN_UNUSED_VARIABLE = YES;
				IPHONEOS_DEPLOYMENT_TARGET = 17.0;
				LOCALIZATION_PREFERS_STRING_CATALOGS = YES;
				MTL_ENABLE_DEBUG_INFO = NO;
				MTL_FAST_MATH = YES;
				SDKROOT = iphoneos;
				SWIFT_COMPILATION_MODE = wholemodule;
				VALIDATE_PRODUCT = YES;
			};
			name = Release;
		};
		DAD448BC2AEB9B8800C122DC /* Debug */ = {
			isa = XCBuildConfiguration;
			buildSettings = {
				ASSETCATALOG_COMPILER_APPICON_NAME = AppIcon;
				ASSETCATALOG_COMPILER_GLOBAL_ACCENT_COLOR_NAME = AccentColor;
				CODE_SIGN_STYLE = Automatic;
				CURRENT_PROJECT_VERSION = 1;
				DEVELOPMENT_ASSET_PATHS = "\"FirstAppSwiftUI/Preview Content\"";
				DEVELOPMENT_TEAM = 7YAHT2XZPP;
				ENABLE_PREVIEWS = YES;
				GENERATE_INFOPLIST_FILE = YES;
				INFOPLIST_KEY_UIApplicationSceneManifest_Generation = YES;
				INFOPLIST_KEY_UIApplicationSupportsIndirectInputEvents = YES;
				INFOPLIST_KEY_UILaunchScreen_Generation = YES;
				INFOPLIST_KEY_UISupportedInterfaceOrientations_iPad = "UIInterfaceOrientationPortrait UIInterfaceOrientationPortraitUpsideDown UIInterfaceOrientationLandscapeLeft UIInterfaceOrientationLandscapeRight";
				INFOPLIST_KEY_UISupportedInterfaceOrientations_iPhone = "UIInterfaceOrientationPortrait UIInterfaceOrientationLandscapeLeft UIInterfaceOrientationLandscapeRight";
				LD_RUNPATH_SEARCH_PATHS = (
					"$(inherited)",
					"@executable_path/Frameworks",
				);
				MARKETING_VERSION = 1.0;
				PRODUCT_BUNDLE_IDENTIFIER = yakupacs.FirstAppSwiftUI;
				PRODUCT_NAME = "$(TARGET_NAME)";
				SWIFT_EMIT_LOC_STRINGS = YES;
				SWIFT_VERSION = 5.0;
				TARGETED_DEVICE_FAMILY = "1,2";
			};
			name = Debug;
		};
		DAD448BD2AEB9B8800C122DC /* Release */ = {
			isa = XCBuildConfiguration;
			buildSettings = {
				ASSETCATALOG_COMPILER_APPICON_NAME = AppIcon;
				ASSETCATALOG_COMPILER_GLOBAL_ACCENT_COLOR_NAME = AccentColor;
				CODE_SIGN_STYLE = Automatic;
				CURRENT_PROJECT_VERSION = 1;
				DEVELOPMENT_ASSET_PATHS = "\"FirstAppSwiftUI/Preview Content\"";
				DEVELOPMENT_TEAM = 7YAHT2XZPP;
				ENABLE_PREVIEWS = YES;
				GENERATE_INFOPLIST_FILE = YES;
				INFOPLIST_KEY_UIApplicationSceneManifest_Generation = YES;
				INFOPLIST_KEY_UIApplicationSupportsIndirectInputEvents = YES;
				INFOPLIST_KEY_UILaunchScreen_Generation = YES;
				INFOPLIST_KEY_UISupportedInterfaceOrientations_iPad = "UIInterfaceOrientationPortrait UIInterfaceOrientationPortraitUpsideDown UIInterfaceOrientationLandscapeLeft UIInterfaceOrientationLandscapeRight";
				INFOPLIST_KEY_UISupportedInterfaceOrientations_iPhone = "UIInterfaceOrientationPortrait UIInterfaceOrientationLandscapeLeft UIInterfaceOrientationLandscapeRight";
				LD_RUNPATH_SEARCH_PATHS = (
					"$(inherited)",
					"@executable_path/Frameworks",
				);
				MARKETING_VERSION = 1.0;
				PRODUCT_BUNDLE_IDENTIFIER = yakupacs.FirstAppSwiftUI;
				PRODUCT_NAME = "$(TARGET_NAME)";
				SWIFT_EMIT_LOC_STRINGS = YES;
				SWIFT_VERSION = 5.0;
				TARGETED_DEVICE_FAMILY = "1,2";
			};
			name = Release;
		};
/* End XCBuildConfiguration section */

/* Begin XCConfigurationList section */
		DAD448A82AEB9B8700C122DC /* Build configuration list for PBXProject "FirstAppSwiftUI" */ = {
			isa = XCConfigurationList;
			buildConfigurations = (
				DAD448B92AEB9B8800C122DC /* Debug */,
				DAD448BA2AEB9B8800C122DC /* Release */,
			);
			defaultConfigurationIsVisible = 0;
			defaultConfigurationName = Release;
		};
		DAD448BB2AEB9B8800C122DC /* Build configuration list for PBXNativeTarget "FirstAppSwiftUI" */ = {
			isa = XCConfigurationList;
			buildConfigurations = (
				DAD448BC2AEB9B8800C122DC /* Debug */,
				DAD448BD2AEB9B8800C122DC /* Release */,
			);
			defaultConfigurationIsVisible = 0;
			defaultConfigurationName = Release;
		};
/* End XCConfigurationList section */
	};
	rootObject = DAD448A52AEB9B8700C122DC /* Project object */;
}
